
Microsoft Visual Studio Solution File, Format Version 12.00
# Visual Studio Version 17
VisualStudioVersion = 17.1.32414.318
MinimumVisualStudioVersion = 10.0.40219.1
Project("{FAE04EC0-301F-11D3-BF4B-00C04F79EFBC}") = "Aarixa", "Aarixa\Aarixa.csproj", "{4FF292FC-F7EE-41F7-B740-3BDC1FC25BB0}"
EndProject
Global
	GlobalSection(SolutionConfigurationPlatforms) = preSolution
		Debug|Any CPU = Debug|Any CPU
		Release|Any CPU = Release|Any CPU
	EndGlobalSection
	GlobalSection(ProjectConfigurationPlatforms) = postSolution
		{4FF292FC-F7EE-41F7-B740-3BDC1FC25BB0}.Debug|Any CPU.ActiveCfg = Debug|Any CPU
		{4FF292FC-F7EE-41F7-B740-3BDC1FC25BB0}.Debug|Any CPU.Build.0 = Debug|Any CPU
		{4FF292FC-F7EE-41F7-B740-3BDC1FC25BB0}.Release|Any CPU.ActiveCfg = Release|Any CPU
		{4FF292FC-F7EE-41F7-B740-3BDC1FC25BB0}.Release|Any CPU.Build.0 = Release|Any CPU
	EndGlobalSection
	GlobalSection(SolutionProperties) = preSolution
		HideSolutionNode = FALSE
	EndGlobalSection
	GlobalSection(ExtensibilityGlobals) = postSolution
		SolutionGuid = {FAC62A5D-5D4F-4C4B-8FC5-7D3CCE8AC5BE}
	EndGlobalSection
EndGlobal
